
Microsoft Visual Studio Solution File, Format Version 12.00
# Visual Studio Version 17
VisualStudioVersion = 17.10.35013.160
MinimumVisualStudioVersion = 10.0.40219.1
Project("{FAE04EC0-301F-11D3-BF4B-00C04F79EFBC}") = "CodeProblems", "CodeProblems\CodeProblems.csproj", "{4CF9BBD4-94D6-4D5F-8124-954E37B04C33}"
EndProject
Project("{FAE04EC0-301F-11D3-BF4B-00C04F79EFBC}") = "CodeProblemsTests", "CodeProblemsTests\CodeProblemsTests.csproj", "{F6798EEC-4CB9-4CA8-A76E-986CFCD07162}"
EndProject
Global
	GlobalSection(SolutionConfigurationPlatforms) = preSolution
		Debug|Any CPU = Debug|Any CPU
		Release|Any CPU = Release|Any CPU
	EndGlobalSection
	GlobalSection(ProjectConfigurationPlatforms) = postSolution
		{4CF9BBD4-94D6-4D5F-8124-954E37B04C33}.Debug|Any CPU.ActiveCfg = Debug|Any CPU
		{4CF9BBD4-94D6-4D5F-8124-954E37B04C33}.Debug|Any CPU.Build.0 = Debug|Any CPU
		{4CF9BBD4-94D6-4D5F-8124-954E37B04C33}.Release|Any CPU.ActiveCfg = Release|Any CPU
		{4CF9BBD4-94D6-4D5F-8124-954E37B04C33}.Release|Any CPU.Build.0 = Release|Any CPU
		{F6798EEC-4CB9-4CA8-A76E-986CFCD07162}.Debug|Any CPU.ActiveCfg = Debug|Any CPU
		{F6798EEC-4CB9-4CA8-A76E-986CFCD07162}.Debug|Any CPU.Build.0 = Debug|Any CPU
		{F6798EEC-4CB9-4CA8-A76E-986CFCD07162}.Release|Any CPU.ActiveCfg = Release|Any CPU
		{F6798EEC-4CB9-4CA8-A76E-986CFCD07162}.Release|Any CPU.Build.0 = Release|Any CPU
	EndGlobalSection
	GlobalSection(SolutionProperties) = preSolution
		HideSolutionNode = FALSE
	EndGlobalSection
	GlobalSection(ExtensibilityGlobals) = postSolution
		SolutionGuid = {F0699050-68CF-40A5-BB77-CB216EABAD35}
	EndGlobalSection
EndGlobal
